
Microsoft Visual Studio Solution File, Format Version 12.00
# Visual Studio 14
VisualStudioVersion = 14.0.25420.1
MinimumVisualStudioVersion = 10.0.40219.1
Project("{8BC9CEB8-8B4A-11D0-8D11-00A0C91BC942}") = "LinearSearch", "Ch01\Ch01.vcxproj", "{44A1901D-ADC2-47B1-8339-C5FA8C2D4EFE}"
EndProject
Project("{8BC9CEB8-8B4A-11D0-8D11-00A0C91BC942}") = "BinarySearch", "Ch01_BinarySearch\Ch01_BinarySearch.vcxproj", "{1A3E040F-428E-4F67-895A-0E2B5C5C930D}"
EndProject
Project("{2150E333-8FDC-42A3-9474-1A3956D46DE8}") = "Ch01", "Ch01", "{941956BF-087F-4C4F-8D41-4F58E4372EDF}"
EndProject
Project("{2150E333-8FDC-42A3-9474-1A3956D46DE8}") = "Ch02", "Ch02", "{EEA161AD-61BD-4ED8-816F-401268AD39D8}"
EndProject
Project("{8BC9CEB8-8B4A-11D0-8D11-00A0C91BC942}") = "RecursiveFactorial", "RecursiveFactorial\RecursiveFactorial.vcxproj", "{B14DDAAB-12FF-4FAA-A308-FFFFC1204C9E}"
EndProject
Project("{8BC9CEB8-8B4A-11D0-8D11-00A0C91BC942}") = "Fibonacci", "Fibonacci\Fibonacci.vcxproj", "{89E2422D-D075-411B-808B-DB08C5F3B90B}"
EndProject
Project("{8BC9CEB8-8B4A-11D0-8D11-00A0C91BC942}") = "RecursiveBinarySearch", "RecursiveBinarySearch\Ch01_BinarySearch.vcxproj", "{231E1341-4302-4F12-ABCD-3763E2B334F5}"
EndProject
Project("{8BC9CEB8-8B4A-11D0-8D11-00A0C91BC942}") = "HanoiTower", "HanoiTower\HanoiTower.vcxproj", "{C5E88699-9C3C-4B6D-BC43-B7ABC3134827}"
EndProject
Project("{2150E333-8FDC-42A3-9474-1A3956D46DE8}") = "Ch03", "Ch03", "{C0666D73-0A49-44BB-9E36-1AD5C855BF6B}"
EndProject
Project("{8BC9CEB8-8B4A-11D0-8D11-00A0C91BC942}") = "List", "List\List.vcxproj", "{884AB725-DC72-4C8E-92B1-6A0C1A8251B9}"
EndProject
Project("{8BC9CEB8-8B4A-11D0-8D11-00A0C91BC942}") = "List_Point", "List_Point\List_Point.vcxproj", "{E843A8F3-3E22-4DA5-BA08-E64D691D004C}"
EndProject
Project("{8BC9CEB8-8B4A-11D0-8D11-00A0C91BC942}") = "Q03_2", "Q03_2\Q03_2.vcxproj", "{49E8A218-56DC-4E97-9938-687FD1C1DE62}"
EndProject
Global
	GlobalSection(SolutionConfigurationPlatforms) = preSolution
		Debug|x64 = Debug|x64
		Debug|x86 = Debug|x86
		Release|x64 = Release|x64
		Release|x86 = Release|x86
	EndGlobalSection
	GlobalSection(ProjectConfigurationPlatforms) = postSolution
		{44A1901D-ADC2-47B1-8339-C5FA8C2D4EFE}.Debug|x64.ActiveCfg = Debug|x64
		{44A1901D-ADC2-47B1-8339-C5FA8C2D4EFE}.Debug|x64.Build.0 = Debug|x64
		{44A1901D-ADC2-47B1-8339-C5FA8C2D4EFE}.Debug|x86.ActiveCfg = Debug|Win32
		{44A1901D-ADC2-47B1-8339-C5FA8C2D4EFE}.Debug|x86.Build.0 = Debug|Win32
		{44A1901D-ADC2-47B1-8339-C5FA8C2D4EFE}.Release|x64.ActiveCfg = Release|x64
		{44A1901D-ADC2-47B1-8339-C5FA8C2D4EFE}.Release|x64.Build.0 = Release|x64
		{44A1901D-ADC2-47B1-8339-C5FA8C2D4EFE}.Release|x86.ActiveCfg = Release|Win32
		{44A1901D-ADC2-47B1-8339-C5FA8C2D4EFE}.Release|x86.Build.0 = Release|Win32
		{1A3E040F-428E-4F67-895A-0E2B5C5C930D}.Debug|x64.ActiveCfg = Debug|x64
		{1A3E040F-428E-4F67-895A-0E2B5C5C930D}.Debug|x64.Build.0 = Debug|x64
		{1A3E040F-428E-4F67-895A-0E2B5C5C930D}.Debug|x86.ActiveCfg = Debug|Win32
		{1A3E040F-428E-4F67-895A-0E2B5C5C930D}.Debug|x86.Build.0 = Debug|Win32
		{1A3E040F-428E-4F67-895A-0E2B5C5C930D}.Release|x64.ActiveCfg = Release|x64
		{1A3E040F-428E-4F67-895A-0E2B5C5C930D}.Release|x64.Build.0 = Release|x64
		{1A3E040F-428E-4F67-895A-0E2B5C5C930D}.Release|x86.ActiveCfg = Release|Win32
		{1A3E040F-428E-4F67-895A-0E2B5C5C930D}.Release|x86.Build.0 = Release|Win32
		{B14DDAAB-12FF-4FAA-A308-FFFFC1204C9E}.Debug|x64.ActiveCfg = Debug|x64
		{B14DDAAB-12FF-4FAA-A308-FFFFC1204C9E}.Debug|x64.Build.0 = Debug|x64
		{B14DDAAB-12FF-4FAA-A308-FFFFC1204C9E}.Debug|x86.ActiveCfg = Debug|Win32
		{B14DDAAB-12FF-4FAA-A308-FFFFC1204C9E}.Debug|x86.Build.0 = Debug|Win32
		{B14DDAAB-12FF-4FAA-A308-FFFFC1204C9E}.Release|x64.ActiveCfg = Release|x64
		{B14DDAAB-12FF-4FAA-A308-FFFFC1204C9E}.Release|x64.Build.0 = Release|x64
		{B14DDAAB-12FF-4FAA-A308-FFFFC1204C9E}.Release|x86.ActiveCfg = Release|Win32
		{B14DDAAB-12FF-4FAA-A308-FFFFC1204C9E}.Release|x86.Build.0 = Release|Win32
		{89E2422D-D075-411B-808B-DB08C5F3B90B}.Debug|x64.ActiveCfg = Debug|x64
		{89E2422D-D075-411B-808B-DB08C5F3B90B}.Debug|x64.Build.0 = Debug|x64
		{89E2422D-D075-411B-808B-DB08C5F3B90B}.Debug|x86.ActiveCfg = Debug|Win32
		{89E2422D-D075-411B-808B-DB08C5F3B90B}.Debug|x86.Build.0 = Debug|Win32
		{89E2422D-D075-411B-808B-DB08C5F3B90B}.Release|x64.ActiveCfg = Release|x64
		{89E2422D-D075-411B-808B-DB08C5F3B90B}.Release|x64.Build.0 = Release|x64
		{89E2422D-D075-411B-808B-DB08C5F3B90B}.Release|x86.ActiveCfg = Release|Win32
		{89E2422D-D075-411B-808B-DB08C5F3B90B}.Release|x86.Build.0 = Release|Win32
		{231E1341-4302-4F12-ABCD-3763E2B334F5}.Debug|x64.ActiveCfg = Debug|x64
		{231E1341-4302-4F12-ABCD-3763E2B334F5}.Debug|x64.Build.0 = Debug|x64
		{231E1341-4302-4F12-ABCD-3763E2B334F5}.Debug|x86.ActiveCfg = Debug|Win32
		{231E1341-4302-4F12-ABCD-3763E2B334F5}.Debug|x86.Build.0 = Debug|Win32
		{231E1341-4302-4F12-ABCD-3763E2B334F5}.Release|x64.ActiveCfg = Release|x64
		{231E1341-4302-4F12-ABCD-3763E2B334F5}.Release|x64.Build.0 = Release|x64
		{231E1341-4302-4F12-ABCD-3763E2B334F5}.Release|x86.ActiveCfg = Release|Win32
		{231E1341-4302-4F12-ABCD-3763E2B334F5}.Release|x86.Build.0 = Release|Win32
		{C5E88699-9C3C-4B6D-BC43-B7ABC3134827}.Debug|x64.ActiveCfg = Debug|x64
		{C5E88699-9C3C-4B6D-BC43-B7ABC3134827}.Debug|x64.Build.0 = Debug|x64
		{C5E88699-9C3C-4B6D-BC43-B7ABC3134827}.Debug|x86.ActiveCfg = Debug|Win32
		{C5E88699-9C3C-4B6D-BC43-B7ABC3134827}.Debug|x86.Build.0 = Debug|Win32
		{C5E88699-9C3C-4B6D-BC43-B7ABC3134827}.Release|x64.ActiveCfg = Release|x64
		{C5E88699-9C3C-4B6D-BC43-B7ABC3134827}.Release|x64.Build.0 = Release|x64
		{C5E88699-9C3C-4B6D-BC43-B7ABC3134827}.Release|x86.ActiveCfg = Release|Win32
		{C5E88699-9C3C-4B6D-BC43-B7ABC3134827}.Release|x86.Build.0 = Release|Win32
		{884AB725-DC72-4C8E-92B1-6A0C1A8251B9}.Debug|x64.ActiveCfg = Debug|x64
		{884AB725-DC72-4C8E-92B1-6A0C1A8251B9}.Debug|x64.Build.0 = Debug|x64
		{884AB725-DC72-4C8E-92B1-6A0C1A8251B9}.Debug|x86.ActiveCfg = Debug|Win32
		{884AB725-DC72-4C8E-92B1-6A0C1A8251B9}.Debug|x86.Build.0 = Debug|Win32
		{884AB725-DC72-4C8E-92B1-6A0C1A8251B9}.Release|x64.ActiveCfg = Release|x64
		{884AB725-DC72-4C8E-92B1-6A0C1A8251B9}.Release|x64.Build.0 = Release|x64
		{884AB725-DC72-4C8E-92B1-6A0C1A8251B9}.Release|x86.ActiveCfg = Release|Win32
		{884AB725-DC72-4C8E-92B1-6A0C1A8251B9}.Release|x86.Build.0 = Release|Win32
		{E843A8F3-3E22-4DA5-BA08-E64D691D004C}.Debug|x64.ActiveCfg = Debug|x64
		{E843A8F3-3E22-4DA5-BA08-E64D691D004C}.Debug|x64.Build.0 = Debug|x64
		{E843A8F3-3E22-4DA5-BA08-E64D691D004C}.Debug|x86.ActiveCfg = Debug|Win32
		{E843A8F3-3E22-4DA5-BA08-E64D691D004C}.Debug|x86.Build.0 = Debug|Win32
		{E843A8F3-3E22-4DA5-BA08-E64D691D004C}.Release|x64.ActiveCfg = Release|x64
		{E843A8F3-3E22-4DA5-BA08-E64D691D004C}.Release|x64.Build.0 = Release|x64
		{E843A8F3-3E22-4DA5-BA08-E64D691D004C}.Release|x86.ActiveCfg = Release|Win32
		{E843A8F3-3E22-4DA5-BA08-E64D691D004C}.Release|x86.Build.0 = Release|Win32
		{49E8A218-56DC-4E97-9938-687FD1C1DE62}.Debug|x64.ActiveCfg = Debug|x64
		{49E8A218-56DC-4E97-9938-687FD1C1DE62}.Debug|x64.Build.0 = Debug|x64
		{49E8A218-56DC-4E97-9938-687FD1C1DE62}.Debug|x86.ActiveCfg = Debug|Win32
		{49E8A218-56DC-4E97-9938-687FD1C1DE62}.Debug|x86.Build.0 = Debug|Win32
		{49E8A218-56DC-4E97-9938-687FD1C1DE62}.Release|x64.ActiveCfg = Release|x64
		{49E8A218-56DC-4E97-9938-687FD1C1DE62}.Release|x64.Build.0 = Release|x64
		{49E8A218-56DC-4E97-9938-687FD1C1DE62}.Release|x86.ActiveCfg = Release|Win32
		{49E8A218-56DC-4E97-9938-687FD1C1DE62}.Release|x86.Build.0 = Release|Win32
	EndGlobalSection
	GlobalSection(SolutionProperties) = preSolution
		HideSolutionNode = FALSE
	EndGlobalSection
	GlobalSection(NestedProjects) = preSolution
		{44A1901D-ADC2-47B1-8339-C5FA8C2D4EFE} = {941956BF-087F-4C4F-8D41-4F58E4372EDF}
		{1A3E040F-428E-4F67-895A-0E2B5C5C930D} = {941956BF-087F-4C4F-8D41-4F58E4372EDF}
		{B14DDAAB-12FF-4FAA-A308-FFFFC1204C9E} = {EEA161AD-61BD-4ED8-816F-401268AD39D8}
		{89E2422D-D075-411B-808B-DB08C5F3B90B} = {EEA161AD-61BD-4ED8-816F-401268AD39D8}
		{231E1341-4302-4F12-ABCD-3763E2B334F5} = {EEA161AD-61BD-4ED8-816F-401268AD39D8}
		{C5E88699-9C3C-4B6D-BC43-B7ABC3134827} = {EEA161AD-61BD-4ED8-816F-401268AD39D8}
		{884AB725-DC72-4C8E-92B1-6A0C1A8251B9} = {C0666D73-0A49-44BB-9E36-1AD5C855BF6B}
		{E843A8F3-3E22-4DA5-BA08-E64D691D004C} = {C0666D73-0A49-44BB-9E36-1AD5C855BF6B}
		{49E8A218-56DC-4E97-9938-687FD1C1DE62} = {C0666D73-0A49-44BB-9E36-1AD5C855BF6B}
	EndGlobalSection
EndGlobal
